
Microsoft Visual Studio Solution File, Format Version 12.00
# Visual Studio Version 17
VisualStudioVersion = 17.3.32825.248
MinimumVisualStudioVersion = 10.0.40219.1
Project("{FAE04EC0-301F-11D3-BF4B-00C04F79EFBC}") = "sikidom1", "sikidom1\sikidom1.csproj", "{546EAA01-D286-4F6F-B173-E5894D7FFDE3}"
EndProject
Global
	GlobalSection(SolutionConfigurationPlatforms) = preSolution
		Debug|Any CPU = Debug|Any CPU
		Release|Any CPU = Release|Any CPU
	EndGlobalSection
	GlobalSection(ProjectConfigurationPlatforms) = postSolution
		{546EAA01-D286-4F6F-B173-E5894D7FFDE3}.Debug|Any CPU.ActiveCfg = Debug|Any CPU
		{546EAA01-D286-4F6F-B173-E5894D7FFDE3}.Debug|Any CPU.Build.0 = Debug|Any CPU
		{546EAA01-D286-4F6F-B173-E5894D7FFDE3}.Release|Any CPU.ActiveCfg = Release|Any CPU
		{546EAA01-D286-4F6F-B173-E5894D7FFDE3}.Release|Any CPU.Build.0 = Release|Any CPU
	EndGlobalSection
	GlobalSection(SolutionProperties) = preSolution
		HideSolutionNode = FALSE
	EndGlobalSection
	GlobalSection(ExtensibilityGlobals) = postSolution
		SolutionGuid = {4582F25C-056B-428F-BE20-FF496AC48A5E}
	EndGlobalSection
EndGlobal
